schema: '2.0'
stages:
  load_data:
    cmd: python src/load_data.py --config=params.yaml
    deps:
    - path: data_source/winequality.csv
      md5: 5d6f24258e3c50bb01a61194b5401f5d
      size: 264426
    - path: src/get_data.py
      md5: ea15e7b12351cf0ad4c4ef75777986c7
      size: 735
    - path: src/load_data.py
      md5: dcf996a87a9a81aa36fd1354855199c3
      size: 691
    outs:
    - path: data/raw/winequality.csv
      md5: f8a17bfa190bdf3ce456d380d5bbf9dd
      size: 292287
  split_data:
    cmd: python src/split_data.py --config=params.yaml
    deps:
    - path: data/raw/winequality.csv
      md5: f8a17bfa190bdf3ce456d380d5bbf9dd
      size: 292287
    - path: src/split_data.py
      md5: b86c3252dee440d0ea3af5dd81143d15
      size: 1099
    outs:
    - path: data/processed/test_winequality.csv
      md5: 1a5ff9dd3d78917f05b36dfeb16570f9
      size: 87805
    - path: data/processed/train_winequality.csv
      md5: 578b27e0eb0593baab1881cb0f5c2db4
      size: 204629
  log_production_model:
    cmd: python src/log_production_model.py --config=params.yaml
    deps:
    - path: src/log_production_model.py
      md5: e0aaf946a76a3c93b355290045945744
      size: 2027
  train_and_evaluate:
    cmd: python src/train_and_evaluate.py --config=params.yaml
    deps:
    - path: data/processed/test_winequality.csv
      md5: 1a5ff9dd3d78917f05b36dfeb16570f9
      size: 87805
    - path: data/processed/train_winequality.csv
      md5: 578b27e0eb0593baab1881cb0f5c2db4
      size: 204629
    - path: src/train_and_evaluate.py
      md5: 1e1284b82fa64db216d63b837d48274e
      size: 4169
    params:
      params.yaml:
        estimators.ElasticNet.params.alpha: 0.96
        estimators.ElasticNet.params.l1_ratio: 0.48
    outs:
    - path: reports/params.json
      md5: 2468589c2cecbb3327b77c6948a3bdb5
      size: 46
    - path: reports/scores.json
      md5: e3e2797f69df828aa46bcbae0672fea3
      size: 100
    - path: saved_models/model.joblib
      md5: fffe90c0ab1e06701b1a066d118b1c1e
      size: 1406
